
Microsoft Visual Studio Solution File, Format Version 12.00
# Visual Studio Version 17
VisualStudioVersion = 17.0.31903.59
MinimumVisualStudioVersion = 10.0.40219.1
Project("{FAE04EC0-301F-11D3-BF4B-00C04F79EFBC}") = "day1", "day1\day1.csproj", "{801C5B3E-A525-48BC-A400-C67AD39DCA6C}"
EndProject
Project("{FAE04EC0-301F-11D3-BF4B-00C04F79EFBC}") = "day2", "day2\day2.csproj", "{11CFCC0B-140C-4B47-B43C-025B28EBCA4C}"
EndProject
Global
	GlobalSection(SolutionConfigurationPlatforms) = preSolution
		Debug|Any CPU = Debug|Any CPU
		Release|Any CPU = Release|Any CPU
	EndGlobalSection
	GlobalSection(SolutionProperties) = preSolution
		HideSolutionNode = FALSE
	EndGlobalSection
	GlobalSection(ProjectConfigurationPlatforms) = postSolution
		{801C5B3E-A525-48BC-A400-C67AD39DCA6C}.Debug|Any CPU.ActiveCfg = Debug|Any CPU
		{801C5B3E-A525-48BC-A400-C67AD39DCA6C}.Debug|Any CPU.Build.0 = Debug|Any CPU
		{801C5B3E-A525-48BC-A400-C67AD39DCA6C}.Release|Any CPU.ActiveCfg = Release|Any CPU
		{801C5B3E-A525-48BC-A400-C67AD39DCA6C}.Release|Any CPU.Build.0 = Release|Any CPU
		{11CFCC0B-140C-4B47-B43C-025B28EBCA4C}.Debug|Any CPU.ActiveCfg = Debug|Any CPU
		{11CFCC0B-140C-4B47-B43C-025B28EBCA4C}.Debug|Any CPU.Build.0 = Debug|Any CPU
		{11CFCC0B-140C-4B47-B43C-025B28EBCA4C}.Release|Any CPU.ActiveCfg = Release|Any CPU
		{11CFCC0B-140C-4B47-B43C-025B28EBCA4C}.Release|Any CPU.Build.0 = Release|Any CPU
	EndGlobalSection
EndGlobal
